// !$*UTF8*$!
{
	archiveVersion = 1;
	classes = {
	};
	objectVersion = 46;
	objects = {

/* Begin PBXBuildFile section */
		AEBF0BEC1D9CC0B6001A36AC /* AppDelegate.swift in Sources */ = {isa = PBXBuildFile; fileRef = AEBF0BEB1D9CC0B6001A36AC /* AppDelegate.swift */; };
		AEBF0BEE1D9CC0B6001A36AC /* ViewController.swift in Sources */ = {isa = PBXBuildFile; fileRef = AEBF0BED1D9CC0B6001A36AC /* ViewController.swift */; };
		AEBF0BF01D9CC0B6001A36AC /* Assets.xcassets in Resources */ = {isa = PBXBuildFile; fileRef = AEBF0BEF1D9CC0B6001A36AC /* Assets.xcassets */; };
		AEBF0BF31D9CC0B6001A36AC /* Main.storyboard in Resources */ = {isa = PBXBuildFile; fileRef = AEBF0BF11D9CC0B6001A36AC /* Main.storyboard */; };
		AEBF0BFE1D9CC0B6001A36AC /* ImportForMeTests.swift in Sources */ = {isa = PBXBuildFile; fileRef = AEBF0BFD1D9CC0B6001A36AC /* ImportForMeTests.swift */; };
		AEBF0C091D9CC0B6001A36AC /* ImportForMeUITests.swift in Sources */ = {isa = PBXBuildFile; fileRef = AEBF0C081D9CC0B6001A36AC /* ImportForMeUITests.swift */; };
		AEBF0C1D1D9CC0DB001A36AC /* Cocoa.framework in Frameworks */ = {isa = PBXBuildFile; fileRef = AEBF0C1C1D9CC0DB001A36AC /* Cocoa.framework */; };
		AEBF0C221D9CC0DB001A36AC /* SourceEditorExtension.swift in Sources */ = {isa = PBXBuildFile; fileRef = AEBF0C211D9CC0DB001A36AC /* SourceEditorExtension.swift */; };
		AEBF0C241D9CC0DB001A36AC /* SourceEditorCommand.swift in Sources */ = {isa = PBXBuildFile; fileRef = AEBF0C231D9CC0DB001A36AC /* SourceEditorCommand.swift */; };
		AEBF0C281D9CC0DB001A36AC /* Import For Me.appex in Embed App Extensions */ = {isa = PBXBuildFile; fileRef = AEBF0C1A1D9CC0DB001A36AC /* Import For Me.appex */; settings = {ATTRIBUTES = (RemoveHeadersOnCopy, ); }; };
/* End PBXBuildFile section */

/* Begin PBXContainerItemProxy section */
		AEBF0BFA1D9CC0B6001A36AC /* PBXContainerItemProxy */ = {
			isa = PBXContainerItemProxy;
			containerPortal = AEBF0BE01D9CC0B6001A36AC /* Project object */;
			proxyType = 1;
			remoteGlobalIDString = AEBF0BE71D9CC0B6001A36AC;
			remoteInfo = ImportForMe;
		};
		AEBF0C051D9CC0B6001A36AC /* PBXContainerItemProxy */ = {
			isa = PBXContainerItemProxy;
			containerPortal = AEBF0BE01D9CC0B6001A36AC /* Project object */;
			proxyType = 1;
			remoteGlobalIDString = AEBF0BE71D9CC0B6001A36AC;
			remoteInfo = ImportForMe;
		};
		AEBF0C261D9CC0DB001A36AC /* PBXContainerItemProxy */ = {
			isa = PBXContainerItemProxy;
			containerPortal = AEBF0BE01D9CC0B6001A36AC /* Project object */;
			proxyType = 1;
			remoteGlobalIDString = AEBF0C191D9CC0DB001A36AC;
			remoteInfo = ImportForMeExtension;
		};
/* End PBXContainerItemProxy section */

/* Begin PBXCopyFilesBuildPhase section */
		AEBF0C2C1D9CC0DB001A36AC /* Embed App Extensions */ = {
			isa = PBXCopyFilesBuildPhase;
			buildActionMask = 2147483647;
			dstPath = "";
			dstSubfolderSpec = 13;
			files = (
				AEBF0C281D9CC0DB001A36AC /* Import For Me.appex in Embed App Extensions */,
			);
			name = "Embed App Extensions";
			runOnlyForDeploymentPostprocessing = 0;
		};
/* End PBXCopyFilesBuildPhase section */

/* Begin PBXFileReference section */
		AEBF0BE81D9CC0B6001A36AC /* ImportForMe.app */ = {isa = PBXFileReference; explicitFileType = wrapper.application; includeInIndex = 0; path = ImportForMe.app; sourceTree = BUILT_PRODUCTS_DIR; };
		AEBF0BEB1D9CC0B6001A36AC /* AppDelegate.swift */ = {isa = PBXFileReference; lastKnownFileType = sourcecode.swift; path = AppDelegate.swift; sourceTree = "<group>"; };
		AEBF0BED1D9CC0B6001A36AC /* ViewController.swift */ = {isa = PBXFileReference; lastKnownFileType = sourcecode.swift; path = ViewController.swift; sourceTree = "<group>"; };
		AEBF0BEF1D9CC0B6001A36AC /* Assets.xcassets */ = {isa = PBXFileReference; lastKnownFileType = folder.assetcatalog; path = Assets.xcassets; sourceTree = "<group>"; };
		AEBF0BF21D9CC0B6001A36AC /* Base */ = {isa = PBXFileReference; lastKnownFileType = file.storyboard; name = Base; path = Base.lproj/Main.storyboard; sourceTree = "<group>"; };
		AEBF0BF41D9CC0B6001A36AC /* Info.plist */ = {isa = PBXFileReference; lastKnownFileType = text.plist.xml; path = Info.plist; sourceTree = "<group>"; };
		AEBF0BF91D9CC0B6001A36AC /* ImportForMeTests.xctest */ = {isa = PBXFileReference; explicitFileType = wrapper.cfbundle; includeInIndex = 0; path = ImportForMeTests.xctest; sourceTree = BUILT_PRODUCTS_DIR; };
		AEBF0BFD1D9CC0B6001A36AC /* ImportForMeTests.swift */ = {isa = PBXFileReference; lastKnownFileType = sourcecode.swift; path = ImportForMeTests.swift; sourceTree = "<group>"; };
		AEBF0BFF1D9CC0B6001A36AC /* Info.plist */ = {isa = PBXFileReference; lastKnownFileType = text.plist.xml; path = Info.plist; sourceTree = "<group>"; };
		AEBF0C041D9CC0B6001A36AC /* ImportForMeUITests.xctest */ = {isa = PBXFileReference; explicitFileType = wrapper.cfbundle; includeInIndex = 0; path = ImportForMeUITests.xctest; sourceTree = BUILT_PRODUCTS_DIR; };
		AEBF0C081D9CC0B6001A36AC /* ImportForMeUITests.swift */ = {isa = PBXFileReference; lastKnownFileType = sourcecode.swift; path = ImportForMeUITests.swift; sourceTree = "<group>"; };
		AEBF0C0A1D9CC0B6001A36AC /* Info.plist */ = {isa = PBXFileReference; lastKnownFileType = text.plist.xml; path = Info.plist; sourceTree = "<group>"; };
		AEBF0C1A1D9CC0DB001A36AC /* Import For Me.appex */ = {isa = PBXFileReference; explicitFileType = "wrapper.app-extension"; includeInIndex = 0; path = "Import For Me.appex"; sourceTree = BUILT_PRODUCTS_DIR; };
		AEBF0C1C1D9CC0DB001A36AC /* Cocoa.framework */ = {isa = PBXFileReference; lastKnownFileType = wrapper.framework; name = Cocoa.framework; path = System/Library/Frameworks/Cocoa.framework; sourceTree = SDKROOT; };
		AEBF0C201D9CC0DB001A36AC /* ImportForMeExtension.entitlements */ = {isa = PBXFileReference; lastKnownFileType = text.plist.entitlements; path = ImportForMeExtension.entitlements; sourceTree = "<group>"; };
		AEBF0C211D9CC0DB001A36AC /* SourceEditorExtension.swift */ = {isa = PBXFileReference; lastKnownFileType = sourcecode.swift; path = SourceEditorExtension.swift; sourceTree = "<group>"; };
		AEBF0C231D9CC0DB001A36AC /* SourceEditorCommand.swift */ = {isa = PBXFileReference; lastKnownFileType = sourcecode.swift; path = SourceEditorCommand.swift; sourceTree = "<group>"; };
		AEBF0C251D9CC0DB001A36AC /* Info.plist */ = {isa = PBXFileReference; lastKnownFileType = text.plist.xml; path = Info.plist; sourceTree = "<group>"; };
/* End PBXFileReference section */

/* Begin PBXFrameworksBuildPhase section */
		AEBF0BE51D9CC0B6001A36AC /* Frameworks */ = {
			isa = PBXFrameworksBuildPhase;
			buildActionMask = 2147483647;
			files = (
			);
			runOnlyForDeploymentPostprocessing = 0;
		};
		AEBF0BF61D9CC0B6001A36AC /* Frameworks */ = {
			isa = PBXFrameworksBuildPhase;
			buildActionMask = 2147483647;
			files = (
			);
			runOnlyForDeploymentPostprocessing = 0;
		};
		AEBF0C011D9CC0B6001A36AC /* Frameworks */ = {
			isa = PBXFrameworksBuildPhase;
			buildActionMask = 2147483647;
			files = (
			);
			runOnlyForDeploymentPostprocessing = 0;
		};
		AEBF0C171D9CC0DB001A36AC /* Frameworks */ = {
			isa = PBXFrameworksBuildPhase;
			buildActionMask = 2147483647;
			files = (
				AEBF0C1D1D9CC0DB001A36AC /* Cocoa.framework in Frameworks */,
			);
			runOnlyForDeploymentPostprocessing = 0;
		};
/* End PBXFrameworksBuildPhase section */

/* Begin PBXGroup section */
		AEBF0BDF1D9CC0B6001A36AC = {
			isa = PBXGroup;
			children = (
				AEBF0BEA1D9CC0B6001A36AC /* ImportForMe */,
				AEBF0BFC1D9CC0B6001A36AC /* ImportForMeTests */,
				AEBF0C071D9CC0B6001A36AC /* ImportForMeUITests */,
				AEBF0C1E1D9CC0DB001A36AC /* ImportForMeExtension */,
				AEBF0C1B1D9CC0DB001A36AC /* Frameworks */,
				AEBF0BE91D9CC0B6001A36AC /* Products */,
			);
			sourceTree = "<group>";
		};
		AEBF0BE91D9CC0B6001A36AC /* Products */ = {
			isa = PBXGroup;
			children = (
				AEBF0BE81D9CC0B6001A36AC /* ImportForMe.app */,
				AEBF0BF91D9CC0B6001A36AC /* ImportForMeTests.xctest */,
				AEBF0C041D9CC0B6001A36AC /* ImportForMeUITests.xctest */,
				AEBF0C1A1D9CC0DB001A36AC /* Import For Me.appex */,
			);
			name = Products;
			sourceTree = "<group>";
		};
		AEBF0BEA1D9CC0B6001A36AC /* ImportForMe */ = {
			isa = PBXGroup;
			children = (
				AEBF0BEB1D9CC0B6001A36AC /* AppDelegate.swift */,
				AEBF0BED1D9CC0B6001A36AC /* ViewController.swift */,
				AEBF0BEF1D9CC0B6001A36AC /* Assets.xcassets */,
				AEBF0BF11D9CC0B6001A36AC /* Main.storyboard */,
				AEBF0BF41D9CC0B6001A36AC /* Info.plist */,
			);
			path = ImportForMe;
			sourceTree = "<group>";
		};
		AEBF0BFC1D9CC0B6001A36AC /* ImportForMeTests */ = {
			isa = PBXGroup;
			children = (
				AEBF0BFD1D9CC0B6001A36AC /* ImportForMeTests.swift */,
				AEBF0BFF1D9CC0B6001A36AC /* Info.plist */,
			);
			path = ImportForMeTests;
			sourceTree = "<group>";
		};
		AEBF0C071D9CC0B6001A36AC /* ImportForMeUITests */ = {
			isa = PBXGroup;
			children = (
				AEBF0C081D9CC0B6001A36AC /* ImportForMeUITests.swift */,
				AEBF0C0A1D9CC0B6001A36AC /* Info.plist */,
			);
			path = ImportForMeUITests;
			sourceTree = "<group>";
		};
		AEBF0C1B1D9CC0DB001A36AC /* Frameworks */ = {
			isa = PBXGroup;
			children = (
				AEBF0C1C1D9CC0DB001A36AC /* Cocoa.framework */,
			);
			name = Frameworks;
			sourceTree = "<group>";
		};
		AEBF0C1E1D9CC0DB001A36AC /* ImportForMeExtension */ = {
			isa = PBXGroup;
			children = (
				AEBF0C211D9CC0DB001A36AC /* SourceEditorExtension.swift */,
				AEBF0C231D9CC0DB001A36AC /* SourceEditorCommand.swift */,
				AEBF0C251D9CC0DB001A36AC /* Info.plist */,
				AEBF0C1F1D9CC0DB001A36AC /* Supporting Files */,
			);
			path = ImportForMeExtension;
			sourceTree = "<group>";
		};
		AEBF0C1F1D9CC0DB001A36AC /* Supporting Files */ = {
			isa = PBXGroup;
			children = (
				AEBF0C201D9CC0DB001A36AC /* ImportForMeExtension.entitlements */,
			);
			name = "Supporting Files";
			sourceTree = "<group>";
		};
/* End PBXGroup section */

/* Begin PBXNativeTarget section */
		AEBF0BE71D9CC0B6001A36AC /* ImportForMe */ = {
			isa = PBXNativeTarget;
			buildConfigurationList = AEBF0C0D1D9CC0B6001A36AC /* Build configuration list for PBXNativeTarget "ImportForMe" */;
			buildPhases = (
				AEBF0BE41D9CC0B6001A36AC /* Sources */,
				AEBF0BE51D9CC0B6001A36AC /* Frameworks */,
				AEBF0BE61D9CC0B6001A36AC /* Resources */,
				AEBF0C2C1D9CC0DB001A36AC /* Embed App Extensions */,
			);
			buildRules = (
			);
			dependencies = (
				AEBF0C271D9CC0DB001A36AC /* PBXTargetDependency */,
			);
			name = ImportForMe;
			productName = ImportForMe;
			productReference = AEBF0BE81D9CC0B6001A36AC /* ImportForMe.app */;
			productType = "com.apple.product-type.application";
		};
		AEBF0BF81D9CC0B6001A36AC /* ImportForMeTests */ = {
			isa = PBXNativeTarget;
			buildConfigurationList = AEBF0C101D9CC0B6001A36AC /* Build configuration list for PBXNativeTarget "ImportForMeTests" */;
			buildPhases = (
				AEBF0BF51D9CC0B6001A36AC /* Sources */,
				AEBF0BF61D9CC0B6001A36AC /* Frameworks */,
				AEBF0BF71D9CC0B6001A36AC /* Resources */,
			);
			buildRules = (
			);
			dependencies = (
				AEBF0BFB1D9CC0B6001A36AC /* PBXTargetDependency */,
			);
			name = ImportForMeTests;
			productName = ImportForMeTests;
			productReference = AEBF0BF91D9CC0B6001A36AC /* ImportForMeTests.xctest */;
			productType = "com.apple.product-type.bundle.unit-test";
		};
		AEBF0C031D9CC0B6001A36AC /* ImportForMeUITests */ = {
			isa = PBXNativeTarget;
			buildConfigurationList = AEBF0C131D9CC0B6001A36AC /* Build configuration list for PBXNativeTarget "ImportForMeUITests" */;
			buildPhases = (
				AEBF0C001D9CC0B6001A36AC /* Sources */,
				AEBF0C011D9CC0B6001A36AC /* Frameworks */,
				AEBF0C021D9CC0B6001A36AC /* Resources */,
			);
			buildRules = (
			);
			dependencies = (
				AEBF0C061D9CC0B6001A36AC /* PBXTargetDependency */,
			);
			name = ImportForMeUITests;
			productName = ImportForMeUITests;
			productReference = AEBF0C041D9CC0B6001A36AC /* ImportForMeUITests.xctest */;
			productType = "com.apple.product-type.bundle.ui-testing";
		};
		AEBF0C191D9CC0DB001A36AC /* ImportForMeExtension */ = {
			isa = PBXNativeTarget;
			buildConfigurationList = AEBF0C291D9CC0DB001A36AC /* Build configuration list for PBXNativeTarget "ImportForMeExtension" */;
			buildPhases = (
				AEBF0C161D9CC0DB001A36AC /* Sources */,
				AEBF0C171D9CC0DB001A36AC /* Frameworks */,
				AEBF0C181D9CC0DB001A36AC /* Resources */,
			);
			buildRules = (
			);
			dependencies = (
			);
			name = ImportForMeExtension;
			productName = ImportForMeExtension;
			productReference = AEBF0C1A1D9CC0DB001A36AC /* Import For Me.appex */;
			productType = "com.apple.product-type.xcode-extension";
		};
/* End PBXNativeTarget section */

/* Begin PBXProject section */
		AEBF0BE01D9CC0B6001A36AC /* Project object */ = {
			isa = PBXProject;
			attributes = {
				LastSwiftUpdateCheck = 0800;
				LastUpgradeCheck = 0800;
				ORGANIZATIONNAME = "Lu Yibin";
				TargetAttributes = {
					AEBF0BE71D9CC0B6001A36AC = {
						CreatedOnToolsVersion = 8.0;
						ProvisioningStyle = Automatic;
					};
					AEBF0BF81D9CC0B6001A36AC = {
						CreatedOnToolsVersion = 8.0;
						DevelopmentTeam = YMZ2R5RGSC;
						ProvisioningStyle = Automatic;
						TestTargetID = AEBF0BE71D9CC0B6001A36AC;
					};
					AEBF0C031D9CC0B6001A36AC = {
						CreatedOnToolsVersion = 8.0;
						DevelopmentTeam = YMZ2R5RGSC;
						ProvisioningStyle = Automatic;
						TestTargetID = AEBF0BE71D9CC0B6001A36AC;
					};
					AEBF0C191D9CC0DB001A36AC = {
						CreatedOnToolsVersion = 8.0;
						ProvisioningStyle = Automatic;
					};
				};
			};
			buildConfigurationList = AEBF0BE31D9CC0B6001A36AC /* Build configuration list for PBXProject "ImportForMe" */;
			compatibilityVersion = "Xcode 3.2";
			developmentRegion = English;
			hasScannedForEncodings = 0;
			knownRegions = (
				en,
				Base,
			);
			mainGroup = AEBF0BDF1D9CC0B6001A36AC;
			productRefGroup = AEBF0BE91D9CC0B6001A36AC /* Products */;
			projectDirPath = "";
			projectRoot = "";
			targets = (
				AEBF0BE71D9CC0B6001A36AC /* ImportForMe */,
				AEBF0BF81D9CC0B6001A36AC /* ImportForMeTests */,
				AEBF0C031D9CC0B6001A36AC /* ImportForMeUITests */,
				AEBF0C191D9CC0DB001A36AC /* ImportForMeExtension */,
			);
		};
/* End PBXProject section */

/* Begin PBXResourcesBuildPhase section */
		AEBF0BE61D9CC0B6001A36AC /* Resources */ = {
			isa = PBXResourcesBuildPhase;
			buildActionMask = 2147483647;
			files = (
				AEBF0BF01D9CC0B6001A36AC /* Assets.xcassets in Resources */,
				AEBF0BF31D9CC0B6001A36AC /* Main.storyboard in Resources */,
			);
			runOnlyForDeploymentPostprocessing = 0;
		};
		AEBF0BF71D9CC0B6001A36AC /* Resources */ = {
			isa = PBXResourcesBuildPhase;
			buildActionMask = 2147483647;
			files = (
			);
			runOnlyForDeploymentPostprocessing = 0;
		};
		AEBF0C021D9CC0B6001A36AC /* Resources */ = {
			isa = PBXResourcesBuildPhase;
			buildActionMask = 2147483647;
			files = (
			);
			runOnlyForDeploymentPostprocessing = 0;
		};
		AEBF0C181D9CC0DB001A36AC /* Resources */ = {
			isa = PBXResourcesBuildPhase;
			buildActionMask = 2147483647;
			files = (
			);
			runOnlyForDeploymentPostprocessing = 0;
		};
/* End PBXResourcesBuildPhase section */

/* Begin PBXSourcesBuildPhase section */
		AEBF0BE41D9CC0B6001A36AC /* Sources */ = {
			isa = PBXSourcesBuildPhase;
			buildActionMask = 2147483647;
			files = (
				AEBF0BEE1D9CC0B6001A36AC /* ViewController.swift in Sources */,
				AEBF0BEC1D9CC0B6001A36AC /* AppDelegate.swift in Sources */,
			);
			runOnlyForDeploymentPostprocessing = 0;
		};
		AEBF0BF51D9CC0B6001A36AC /* Sources */ = {
			isa = PBXSourcesBuildPhase;
			buildActionMask = 2147483647;
			files = (
				AEBF0BFE1D9CC0B6001A36AC /* ImportForMeTests.swift in Sources */,
			);
			runOnlyForDeploymentPostprocessing = 0;
		};
		AEBF0C001D9CC0B6001A36AC /* Sources */ = {
			isa = PBXSourcesBuildPhase;
			buildActionMask = 2147483647;
			files = (
				AEBF0C091D9CC0B6001A36AC /* ImportForMeUITests.swift in Sources */,
			);
			runOnlyForDeploymentPostprocessing = 0;
		};
		AEBF0C161D9CC0DB001A36AC /* Sources */ = {
			isa = PBXSourcesBuildPhase;
			buildActionMask = 2147483647;
			files = (
				AEBF0C221D9CC0DB001A36AC /* SourceEditorExtension.swift in Sources */,
				AEBF0C241D9CC0DB001A36AC /* SourceEditorCommand.swift in Sources */,
			);
			runOnlyForDeploymentPostprocessing = 0;
		};
/* End PBXSourcesBuildPhase section */

/* Begin PBXTargetDependency section */
		AEBF0BFB1D9CC0B6001A36AC /* PBXTargetDependency */ = {
			isa = PBXTargetDependency;
			target = AEBF0BE71D9CC0B6001A36AC /* ImportForMe */;
			targetProxy = AEBF0BFA1D9CC0B6001A36AC /* PBXContainerItemProxy */;
		};
		AEBF0C061D9CC0B6001A36AC /* PBXTargetDependency */ = {
			isa = PBXTargetDependency;
			target = AEBF0BE71D9CC0B6001A36AC /* ImportForMe */;
			targetProxy = AEBF0C051D9CC0B6001A36AC /* PBXContainerItemProxy */;
		};
		AEBF0C271D9CC0DB001A36AC /* PBXTargetDependency */ = {
			isa = PBXTargetDependency;
			target = AEBF0C191D9CC0DB001A36AC /* ImportForMeExtension */;
			targetProxy = AEBF0C261D9CC0DB001A36AC /* PBXContainerItemProxy */;
		};
/* End PBXTargetDependency section */

/* Begin PBXVariantGroup section */
		AEBF0BF11D9CC0B6001A36AC /* Main.storyboard */ = {
			isa = PBXVariantGroup;
			children = (
				AEBF0BF21D9CC0B6001A36AC /* Base */,
			);
			name = Main.storyboard;
			sourceTree = "<group>";
		};
/* End PBXVariantGroup section */

/* Begin XCBuildConfiguration section */
		AEBF0C0B1D9CC0B6001A36AC /* Debug */ = {
			isa = XCBuildConfiguration;
			buildSettings = {
				ALWAYS_SEARCH_USER_PATHS = NO;
				CLANG_ANALYZER_NONNULL = YES;
				CLANG_CXX_LANGUAGE_STANDARD = "gnu++0x";
				CLANG_CXX_LIBRARY = "libc++";
				CLANG_ENABLE_MODULES = YES;
				CLANG_ENABLE_OBJC_ARC = YES;
				CLANG_WARN_BOOL_CONVERSION = YES;
				CLANG_WARN_CONSTANT_CONVERSION = YES;
				CLANG_WARN_DIRECT_OBJC_ISA_USAGE = YES_ERROR;
				CLANG_WARN_DOCUMENTATION_COMMENTS = YES;
				CLANG_WARN_EMPTY_BODY = YES;
				CLANG_WARN_ENUM_CONVERSION = YES;
				CLANG_WARN_INFINITE_RECURSION = YES;
				CLANG_WARN_INT_CONVERSION = YES;
				CLANG_WARN_OBJC_ROOT_CLASS = YES_ERROR;
				CLANG_WARN_SUSPICIOUS_MOVES = YES;
				CLANG_WARN_UNREACHABLE_CODE = YES;
				CLANG_WARN__DUPLICATE_METHOD_MATCH = YES;
				CODE_SIGN_IDENTITY = "-";
				COPY_PHASE_STRIP = NO;
				DEBUG_INFORMATION_FORMAT = dwarf;
				ENABLE_STRICT_OBJC_MSGSEND = YES;
				ENABLE_TESTABILITY = YES;
				GCC_C_LANGUAGE_STANDARD = gnu99;
				GCC_DYNAMIC_NO_PIC = NO;
				GCC_NO_COMMON_BLOCKS = YES;
				GCC_OPTIMIZATION_LEVEL = 0;
				GCC_PREPROCESSOR_DEFINITIONS = (
					"DEBUG=1",
					"$(inherited)",
				);
				GCC_WARN_64_TO_32_BIT_CONVERSION = YES;
				GCC_WARN_ABOUT_RETURN_TYPE = YES_ERROR;
				GCC_WARN_UNDECLARED_SELECTOR = YES;
				GCC_WARN_UNINITIALIZED_AUTOS = YES_AGGRESSIVE;
				GCC_WARN_UNUSED_FUNCTION = YES;
				GCC_WARN_UNUSED_VARIABLE = YES;
				MACOSX_DEPLOYMENT_TARGET = 10.12;
				MTL_ENABLE_DEBUG_INFO = YES;
				ONLY_ACTIVE_ARCH = YES;
				SDKROOT = macosx;
				SWIFT_ACTIVE_COMPILATION_CONDITIONS = DEBUG;
				SWIFT_OPTIMIZATION_LEVEL = "-Onone";
			};
			name = Debug;
		};
		AEBF0C0C1D9CC0B6001A36AC /* Release */ = {
			isa = XCBuildConfiguration;
			buildSettings = {
				ALWAYS_SEARCH_USER_PATHS = NO;
				CLANG_ANALYZER_NONNULL = YES;
				CLANG_CXX_LANGUAGE_STANDARD = "gnu++0x";
				CLANG_CXX_LIBRARY = "libc++";
				CLANG_ENABLE_MODULES = YES;
				CLANG_ENABLE_OBJC_ARC = YES;
				CLANG_WARN_BOOL_CONVERSION = YES;
				CLANG_WARN_CONSTANT_CONVERSION = YES;
				CLANG_WARN_DIRECT_OBJC_ISA_USAGE = YES_ERROR;
				CLANG_WARN_DOCUMENTATION_COMMENTS = YES;
				CLANG_WARN_EMPTY_BODY = YES;
				CLANG_WARN_ENUM_CONVERSION = YES;
				CLANG_WARN_INFINITE_RECURSION = YES;
				CLANG_WARN_INT_CONVERSION = YES;
				CLANG_WARN_OBJC_ROOT_CLASS = YES_ERROR;
				CLANG_WARN_SUSPICIOUS_MOVES = YES;
				CLANG_WARN_UNREACHABLE_CODE = YES;
				CLANG_WARN__DUPLICATE_METHOD_MATCH = YES;
				CODE_SIGN_IDENTITY = "-";
				COPY_PHASE_STRIP = NO;
				DEBUG_INFORMATION_FORMAT = "dwarf-with-dsym";
				ENABLE_NS_ASSERTIONS = NO;
				ENABLE_STRICT_OBJC_MSGSEND = YES;
				GCC_C_LANGUAGE_STANDARD = gnu99;
				GCC_NO_COMMON_BLOCKS = YES;
				GCC_WARN_64_TO_32_BIT_CONVERSION = YES;
				GCC_WARN_ABOUT_RETURN_TYPE = YES_ERROR;
				GCC_WARN_UNDECLARED_SELECTOR = YES;
				GCC_WARN_UNINITIALIZED_AUTOS = YES_AGGRESSIVE;
				GCC_WARN_UNUSED_FUNCTION = YES;
				GCC_WARN_UNUSED_VARIABLE = YES;
				MACOSX_DEPLOYMENT_TARGET = 10.12;
				MTL_ENABLE_DEBUG_INFO = NO;
				SDKROOT = macosx;
				SWIFT_OPTIMIZATION_LEVEL = "-Owholemodule";
			};
			name = Release;
		};
		AEBF0C0E1D9CC0B6001A36AC /* Debug */ = {
			isa = XCBuildConfiguration;
			buildSettings = {
				ALWAYS_EMBED_SWIFT_STANDARD_LIBRARIES = YES;
				ASSETCATALOG_COMPILER_APPICON_NAME = AppIcon;
				CODE_SIGN_IDENTITY = "Mac Developer";
				COMBINE_HIDPI_IMAGES = YES;
				DEVELOPMENT_TEAM = "";
				INFOPLIST_FILE = ImportForMe/Info.plist;
				LD_RUNPATH_SEARCH_PATHS = "$(inherited) @executable_path/../Frameworks";
				PRODUCT_BUNDLE_IDENTIFIER = com.robinlu.ImportForMe;
				PRODUCT_NAME = "$(TARGET_NAME)";
				SWIFT_VERSION = 3.0;
			};
			name = Debug;
		};
		AEBF0C0F1D9CC0B6001A36AC /* Release */ = {
			isa = XCBuildConfiguration;
			buildSettings = {
				ALWAYS_EMBED_SWIFT_STANDARD_LIBRARIES = YES;
				ASSETCATALOG_COMPILER_APPICON_NAME = AppIcon;
				CODE_SIGN_IDENTITY = "Mac Developer";
				COMBINE_HIDPI_IMAGES = YES;
				DEVELOPMENT_TEAM = "";
				INFOPLIST_FILE = ImportForMe/Info.plist;
				LD_RUNPATH_SEARCH_PATHS = "$(inherited) @executable_path/../Frameworks";
				PRODUCT_BUNDLE_IDENTIFIER = com.robinlu.ImportForMe;
				PRODUCT_NAME = "$(TARGET_NAME)";
				SWIFT_VERSION = 3.0;
			};
			name = Release;
		};
		AEBF0C111D9CC0B6001A36AC /* Debug */ = {
			isa = XCBuildConfiguration;
			buildSettings = {
				ALWAYS_EMBED_SWIFT_STANDARD_LIBRARIES = YES;
				BUNDLE_LOADER = "$(TEST_HOST)";
				COMBINE_HIDPI_IMAGES = YES;
				DEVELOPMENT_TEAM = YMZ2R5RGSC;
				INFOPLIST_FILE = ImportForMeTests/Info.plist;
				LD_RUNPATH_SEARCH_PATHS = "$(inherited) @executable_path/../Frameworks @loader_path/../Frameworks";
				PRODUCT_BUNDLE_IDENTIFIER = com.robinlu.ImportForMeTests;
				PRODUCT_NAME = "$(TARGET_NAME)";
				SWIFT_VERSION = 3.0;
				TEST_HOST = "$(BUILT_PRODUCTS_DIR)/ImportForMe.app/Contents/MacOS/ImportForMe";
			};
			name = Debug;
		};
		AEBF0C121D9CC0B6001A36AC /* Release */ = {
			isa = XCBuildConfiguration;
			buildSettings = {
				ALWAYS_EMBED_SWIFT_STANDARD_LIBRARIES = YES;
				BUNDLE_LOADER = "$(TEST_HOST)";
				COMBINE_HIDPI_IMAGES = YES;
				DEVELOPMENT_TEAM = YMZ2R5RGSC;
				INFOPLIST_FILE = ImportForMeTests/Info.plist;
				LD_RUNPATH_SEARCH_PATHS = "$(inherited) @executable_path/../Frameworks @loader_path/../Frameworks";
				PRODUCT_BUNDLE_IDENTIFIER = com.robinlu.ImportForMeTests;
				PRODUCT_NAME = "$(TARGET_NAME)";
				SWIFT_VERSION = 3.0;
				TEST_HOST = "$(BUILT_PRODUCTS_DIR)/ImportForMe.app/Contents/MacOS/ImportForMe";
			};
			name = Release;
		};
		AEBF0C141D9CC0B6001A36AC /* Debug */ = {
			isa = XCBuildConfiguration;
			buildSettings = {
				ALWAYS_EMBED_SWIFT_STANDARD_LIBRARIES = YES;
				COMBINE_HIDPI_IMAGES = YES;
				DEVELOPMENT_TEAM = YMZ2R5RGSC;
				INFOPLIST_FILE = ImportForMeUITests/Info.plist;
				LD_RUNPATH_SEARCH_PATHS = "$(inherited) @executable_path/../Frameworks @loader_path/../Frameworks";
				PRODUCT_BUNDLE_IDENTIFIER = com.robinlu.ImportForMeUITests;
				PRODUCT_NAME = "$(TARGET_NAME)";
				SWIFT_VERSION = 3.0;
				TEST_TARGET_NAME = ImportForMe;
			};
			name = Debug;
		};
		AEBF0C151D9CC0B6001A36AC /* Release */ = {
			isa = XCBuildConfiguration;
			buildSettings = {
				ALWAYS_EMBED_SWIFT_STANDARD_LIBRARIES = YES;
				COMBINE_HIDPI_IMAGES = YES;
				DEVELOPMENT_TEAM = YMZ2R5RGSC;
				INFOPLIST_FILE = ImportForMeUITests/Info.plist;
				LD_RUNPATH_SEARCH_PATHS = "$(inherited) @executable_path/../Frameworks @loader_path/../Frameworks";
				PRODUCT_BUNDLE_IDENTIFIER = com.robinlu.ImportForMeUITests;
				PRODUCT_NAME = "$(TARGET_NAME)";
				SWIFT_VERSION = 3.0;
				TEST_TARGET_NAME = ImportForMe;
			};
			name = Release;
		};
		AEBF0C2A1D9CC0DB001A36AC /* Debug */ = {
			isa = XCBuildConfiguration;
			buildSettings = {
				CODE_SIGN_ENTITLEMENTS = ImportForMeExtension/ImportForMeExtension.entitlements;
				CODE_SIGN_IDENTITY = "Mac Developer";
				COMBINE_HIDPI_IMAGES = YES;
				DEVELOPMENT_TEAM = "";
				INFOPLIST_FILE = ImportForMeExtension/Info.plist;
				LD_RUNPATH_SEARCH_PATHS = "$(inherited) @executable_path/../Frameworks @executable_path/../../../../Frameworks";
				MACOSX_DEPLOYMENT_TARGET = 10.11;
				PRODUCT_BUNDLE_IDENTIFIER = com.robinlu.ImportForMe.ImportForMeExtension;
				PRODUCT_NAME = "Import For Me";
				SKIP_INSTALL = YES;
				SWIFT_VERSION = 3.0;
			};
			name = Debug;
		};
		AEBF0C2B1D9CC0DB001A36AC /* Release */ = {
			isa = XCBuildConfiguration;
			buildSettings = {
				CODE_SIGN_ENTITLEMENTS = ImportForMeExtension/ImportForMeExtension.entitlements;
				CODE_SIGN_IDENTITY = "Mac Developer";
				COMBINE_HIDPI_IMAGES = YES;
				DEVELOPMENT_TEAM = "";
				INFOPLIST_FILE = ImportForMeExtension/Info.plist;
				LD_RUNPATH_SEARCH_PATHS = "$(inherited) @executable_path/../Frameworks @executable_path/../../../../Frameworks";
				MACOSX_DEPLOYMENT_TARGET = 10.11;
				PRODUCT_BUNDLE_IDENTIFIER = com.robinlu.ImportForMe.ImportForMeExtension;
				PRODUCT_NAME = "Import For Me";
				SKIP_INSTALL = YES;
				SWIFT_VERSION = 3.0;
			};
			name = Release;
		};
/* End XCBuildConfiguration section */

/* Begin XCConfigurationList section */
		AEBF0BE31D9CC0B6001A36AC /* Build configuration list for PBXProject "ImportForMe" */ = {
			isa = XCConfigurationList;
			buildConfigurations = (
				AEBF0C0B1D9CC0B6001A36AC /* Debug */,
				AEBF0C0C1D9CC0B6001A36AC /* Release */,
			);
			defaultConfigurationIsVisible = 0;
			defaultConfigurationName = Release;
		};
		AEBF0C0D1D9CC0B6001A36AC /* Build configuration list for PBXNativeTarget "ImportForMe" */ = {
			isa = XCConfigurationList;
			buildConfigurations = (
				AEBF0C0E1D9CC0B6001A36AC /* Debug */,
				AEBF0C0F1D9CC0B6001A36AC /* Release */,
			);
			defaultConfigurationIsVisible = 0;
			defaultConfigurationName = Release;
		};
		AEBF0C101D9CC0B6001A36AC /* Build configuration list for PBXNativeTarget "ImportForMeTests" */ = {
			isa = XCConfigurationList;
			buildConfigurations = (
				AEBF0C111D9CC0B6001A36AC /* Debug */,
				AEBF0C121D9CC0B6001A36AC /* Release */,
			);
			defaultConfigurationIsVisible = 0;
			defaultConfigurationName = Release;
		};
		AEBF0C131D9CC0B6001A36AC /* Build configuration list for PBXNativeTarget "ImportForMeUITests" */ = {
			isa = XCConfigurationList;
			buildConfigurations = (
				AEBF0C141D9CC0B6001A36AC /* Debug */,
				AEBF0C151D9CC0B6001A36AC /* Release */,
			);
			defaultConfigurationIsVisible = 0;
			defaultConfigurationName = Release;
		};
		AEBF0C291D9CC0DB001A36AC /* Build configuration list for PBXNativeTarget "ImportForMeExtension" */ = {
			isa = XCConfigurationList;
			buildConfigurations = (
				AEBF0C2A1D9CC0DB001A36AC /* Debug */,
				AEBF0C2B1D9CC0DB001A36AC /* Release */,
			);
			defaultConfigurationIsVisible = 0;
			defaultConfigurationName = Release;
		};
/* End XCConfigurationList section */
	};
	rootObject = AEBF0BE01D9CC0B6001A36AC /* Project object */;
}
